
Microsoft Visual Studio Solution File, Format Version 10.00
# Visual Studio 2008
Project("{8BC9CEB8-8B4A-11D0-8D11-00A0C91BC942}") = "wfd_capd_ie", "wfd_capd_ie\wfd_capd_ie.vcproj", "{5EDCDDD6-EED5-4164-A0CD-12DDC66D8542}"
EndProject
Global
	GlobalSection(SolutionConfigurationPlatforms) = preSolution
		Debug|Win32 = Debug|Win32
		Release|Win32 = Release|Win32
	EndGlobalSection
	GlobalSection(ProjectConfigurationPlatforms) = postSolution
		{5EDCDDD6-EED5-4164-A0CD-12DDC66D8542}.Debug|Win32.ActiveCfg = Debug|Win32
		{5EDCDDD6-EED5-4164-A0CD-12DDC66D8542}.Debug|Win32.Build.0 = Debug|Win32
		{5EDCDDD6-EED5-4164-A0CD-12DDC66D8542}.Release|Win32.ActiveCfg = Release|Win32
		{5EDCDDD6-EED5-4164-A0CD-12DDC66D8542}.Release|Win32.Build.0 = Release|Win32
	EndGlobalSection
	GlobalSection(SolutionProperties) = preSolution
		HideSolutionNode = FALSE
	EndGlobalSection
EndGlobal
